
Microsoft Visual Studio Solution File, Format Version 12.00
# Visual Studio Version 17
VisualStudioVersion = 17.5.002.0
MinimumVisualStudioVersion = 10.0.40219.1
Project("{9A19103F-16F7-4668-BE54-9A1E7A4F7556}") = "app", "app\app.csproj", "{4D7E9553-7E7C-444D-8496-C365528626D1}"
EndProject
Global
	GlobalSection(SolutionConfigurationPlatforms) = preSolution
		Debug|Any CPU = Debug|Any CPU
		Release|Any CPU = Release|Any CPU
	EndGlobalSection
	GlobalSection(ProjectConfigurationPlatforms) = postSolution
		{4D7E9553-7E7C-444D-8496-C365528626D1}.Debug|Any CPU.ActiveCfg = Debug|Any CPU
		{4D7E9553-7E7C-444D-8496-C365528626D1}.Debug|Any CPU.Build.0 = Debug|Any CPU
		{4D7E9553-7E7C-444D-8496-C365528626D1}.Release|Any CPU.ActiveCfg = Release|Any CPU
		{4D7E9553-7E7C-444D-8496-C365528626D1}.Release|Any CPU.Build.0 = Release|Any CPU
	EndGlobalSection
	GlobalSection(SolutionProperties) = preSolution
		HideSolutionNode = FALSE
	EndGlobalSection
	GlobalSection(ExtensibilityGlobals) = postSolution
		SolutionGuid = {DC7EB079-A060-410B-9D5A-9095370AE326}
	EndGlobalSection
EndGlobal
